
Microsoft Visual Studio Solution File, Format Version 12.00
# Visual Studio Version 17
VisualStudioVersion = 17.4.33205.214
MinimumVisualStudioVersion = 10.0.40219.1
Project("{888888A0-9F3D-457C-B088-3A5042F75D52}") = "sonastik_graafiline", "sonastik_graafiline\sonastik_graafiline.pyproj", "{18C6C12F-67CC-47B6-A8A4-7FF26EA7E1F8}"
EndProject
Global
	GlobalSection(SolutionConfigurationPlatforms) = preSolution
		Debug|Any CPU = Debug|Any CPU
		Release|Any CPU = Release|Any CPU
	EndGlobalSection
	GlobalSection(ProjectConfigurationPlatforms) = postSolution
		{18C6C12F-67CC-47B6-A8A4-7FF26EA7E1F8}.Debug|Any CPU.ActiveCfg = Debug|Any CPU
		{18C6C12F-67CC-47B6-A8A4-7FF26EA7E1F8}.Release|Any CPU.ActiveCfg = Release|Any CPU
	EndGlobalSection
	GlobalSection(SolutionProperties) = preSolution
		HideSolutionNode = FALSE
	EndGlobalSection
	GlobalSection(ExtensibilityGlobals) = postSolution
		SolutionGuid = {F687666A-5A0D-4DF6-87F0-79E5FBC6860E}
	EndGlobalSection
EndGlobal
